
Microsoft Visual Studio Solution File, Format Version 12.00
# Visual Studio Version 17
VisualStudioVersion = 17.11.35017.193
MinimumVisualStudioVersion = 10.0.40219.1
Project("{FAE04EC0-301F-11D3-BF4B-00C04F79EFBC}") = "NumberAnalyzer", "NumberAnalyzer\NumberAnalyzer.csproj", "{05B3C9A4-5669-481A-924E-98672460B878}"
EndProject
Global
	GlobalSection(SolutionConfigurationPlatforms) = preSolution
		Debug|Any CPU = Debug|Any CPU
		Release|Any CPU = Release|Any CPU
	EndGlobalSection
	GlobalSection(ProjectConfigurationPlatforms) = postSolution
		{05B3C9A4-5669-481A-924E-98672460B878}.Debug|Any CPU.ActiveCfg = Debug|Any CPU
		{05B3C9A4-5669-481A-924E-98672460B878}.Debug|Any CPU.Build.0 = Debug|Any CPU
		{05B3C9A4-5669-481A-924E-98672460B878}.Release|Any CPU.ActiveCfg = Release|Any CPU
		{05B3C9A4-5669-481A-924E-98672460B878}.Release|Any CPU.Build.0 = Release|Any CPU
	EndGlobalSection
	GlobalSection(SolutionProperties) = preSolution
		HideSolutionNode = FALSE
	EndGlobalSection
	GlobalSection(ExtensibilityGlobals) = postSolution
		SolutionGuid = {E796BFCA-C00B-4C61-A9FF-5C64A2672671}
	EndGlobalSection
EndGlobal
